
Microsoft Visual Studio Solution File, Format Version 12.00
# Visual Studio Version 16
VisualStudioVersion = 16.0.29418.71
MinimumVisualStudioVersion = 10.0.40219.1
Project("{FAE04EC0-301F-11D3-BF4B-00C04F79EFBC}") = "FFXIV_MD5_CHECK", "FFXIV_MD5_CHECK.csproj", "{4A045D21-B948-4BA8-9442-7C308DFD3ECF}"
EndProject
Global
	GlobalSection(SolutionConfigurationPlatforms) = preSolution
		Debug|Any CPU = Debug|Any CPU
		Release|Any CPU = Release|Any CPU
	EndGlobalSection
	GlobalSection(ProjectConfigurationPlatforms) = postSolution
		{4A045D21-B948-4BA8-9442-7C308DFD3ECF}.Debug|Any CPU.ActiveCfg = Debug|Any CPU
		{4A045D21-B948-4BA8-9442-7C308DFD3ECF}.Debug|Any CPU.Build.0 = Debug|Any CPU
		{4A045D21-B948-4BA8-9442-7C308DFD3ECF}.Release|Any CPU.ActiveCfg = Release|Any CPU
		{4A045D21-B948-4BA8-9442-7C308DFD3ECF}.Release|Any CPU.Build.0 = Release|Any CPU
	EndGlobalSection
	GlobalSection(SolutionProperties) = preSolution
		HideSolutionNode = FALSE
	EndGlobalSection
	GlobalSection(ExtensibilityGlobals) = postSolution
		SolutionGuid = {689D40F4-CCD6-47B0-8F46-DDB4463F9856}
	EndGlobalSection
EndGlobal
